{
  "nodes": {
    "nixpkgs": {
      "locked": {
        "lastModified": 1790956362,
        "narHash": "sha256-J53lRreXdVtwQysLSWrTSEmHmTymUVYNKFWLJejVoJw=",
        "owner": "NixOS",
        "repo": "nixpkgs",
        "rev": "c068c41e59c474a1f2b5f0533af4e621f0b5fa91",
        "type": "github"
      },
      "original": {
        "owner": "NixOS",
        "repo": "nixpkgs",
        "type": "github"
      }
    },
    "root": {
      "inputs": {
        "nixpkgs": "nixpkgs"
      }
    }
  },
  "root": "root",
  "version": 7
}
